// !$*UTF8*$!
{
	archiveVersion = 1;
	classes = {
	};
	objectVersion = 51;
	objects = {

/* Begin PBXBuildFile section */
		35CEC30826D501498D41A09D /* Pods_LeBonTemps.framework in Frameworks */ = {isa = PBXBuildFile; fileRef = 87C7BD8B432B0C57E5E5933E /* Pods_LeBonTemps.framework */; };
		372CB88722C4789700118679 /* AppDelegate.swift in Sources */ = {isa = PBXBuildFile; fileRef = 372CB88622C4789700118679 /* AppDelegate.swift */; };
		372CB88922C4789700118679 /* ViewController.swift in Sources */ = {isa = PBXBuildFile; fileRef = 372CB88822C4789700118679 /* ViewController.swift */; };
		372CB88C22C4789700118679 /* Main.storyboard in Resources */ = {isa = PBXBuildFile; fileRef = 372CB88A22C4789700118679 /* Main.storyboard */; };
		372CB88E22C4789900118679 /* Assets.xcassets in Resources */ = {isa = PBXBuildFile; fileRef = 372CB88D22C4789900118679 /* Assets.xcassets */; };
		372CB89122C4789900118679 /* LaunchScreen.storyboard in Resources */ = {isa = PBXBuildFile; fileRef = 372CB88F22C4789900118679 /* LaunchScreen.storyboard */; };
		372CB89C22C4789900118679 /* LeBonTempsTests.swift in Sources */ = {isa = PBXBuildFile; fileRef = 372CB89B22C4789900118679 /* LeBonTempsTests.swift */; };
		372CB8A722C4789900118679 /* LeBonTempsUITests.swift in Sources */ = {isa = PBXBuildFile; fileRef = 372CB8A622C4789900118679 /* LeBonTempsUITests.swift */; };
		39E545B9C9D68AE627EA13F6 /* Pods_LeBonTempsTests.framework in Frameworks */ = {isa = PBXBuildFile; fileRef = C154E5D72833B356B63F6E2A /* Pods_LeBonTempsTests.framework */; };
		C1F30346550AB27AAE8B8ECD /* Pods_LeBonTempsUITests.framework in Frameworks */ = {isa = PBXBuildFile; fileRef = 9357EB37E025D080BAE7FC47 /* Pods_LeBonTempsUITests.framework */; };
/* End PBXBuildFile section */

/* Begin PBXContainerItemProxy section */
		372CB89822C4789900118679 /* PBXContainerItemProxy */ = {
			isa = PBXContainerItemProxy;
			containerPortal = 372CB87B22C4789700118679 /* Project object */;
			proxyType = 1;
			remoteGlobalIDString = 372CB88222C4789700118679;
			remoteInfo = LeBonTemps;
		};
		372CB8A322C4789900118679 /* PBXContainerItemProxy */ = {
			isa = PBXContainerItemProxy;
			containerPortal = 372CB87B22C4789700118679 /* Project object */;
			proxyType = 1;
			remoteGlobalIDString = 372CB88222C4789700118679;
			remoteInfo = LeBonTemps;
		};
/* End PBXContainerItemProxy section */

/* Begin PBXFileReference section */
		372CB88322C4789700118679 /* LeBonTemps.app */ = {isa = PBXFileReference; explicitFileType = wrapper.application; includeInIndex = 0; path = LeBonTemps.app; sourceTree = BUILT_PRODUCTS_DIR; };
		372CB88622C4789700118679 /* AppDelegate.swift */ = {isa = PBXFileReference; lastKnownFileType = sourcecode.swift; path = AppDelegate.swift; sourceTree = "<group>"; };
		372CB88822C4789700118679 /* ViewController.swift */ = {isa = PBXFileReference; lastKnownFileType = sourcecode.swift; path = ViewController.swift; sourceTree = "<group>"; };
		372CB88B22C4789700118679 /* Base */ = {isa = PBXFileReference; lastKnownFileType = file.storyboard; name = Base; path = Base.lproj/Main.storyboard; sourceTree = "<group>"; };
		372CB88D22C4789900118679 /* Assets.xcassets */ = {isa = PBXFileReference; lastKnownFileType = folder.assetcatalog; path = Assets.xcassets; sourceTree = "<group>"; };
		372CB89022C4789900118679 /* Base */ = {isa = PBXFileReference; lastKnownFileType = file.storyboard; name = Base; path = Base.lproj/LaunchScreen.storyboard; sourceTree = "<group>"; };
		372CB89222C4789900118679 /* Info.plist */ = {isa = PBXFileReference; lastKnownFileType = text.plist.xml; path = Info.plist; sourceTree = "<group>"; };
		372CB89722C4789900118679 /* LeBonTempsTests.xctest */ = {isa = PBXFileReference; explicitFileType = wrapper.cfbundle; includeInIndex = 0; path = LeBonTempsTests.xctest; sourceTree = BUILT_PRODUCTS_DIR; };
		372CB89B22C4789900118679 /* LeBonTempsTests.swift */ = {isa = PBXFileReference; lastKnownFileType = sourcecode.swift; path = LeBonTempsTests.swift; sourceTree = "<group>"; };
		372CB89D22C4789900118679 /* Info.plist */ = {isa = PBXFileReference; lastKnownFileType = text.plist.xml; path = Info.plist; sourceTree = "<group>"; };
		372CB8A222C4789900118679 /* LeBonTempsUITests.xctest */ = {isa = PBXFileReference; explicitFileType = wrapper.cfbundle; includeInIndex = 0; path = LeBonTempsUITests.xctest; sourceTree = BUILT_PRODUCTS_DIR; };
		372CB8A622C4789900118679 /* LeBonTempsUITests.swift */ = {isa = PBXFileReference; lastKnownFileType = sourcecode.swift; path = LeBonTempsUITests.swift; sourceTree = "<group>"; };
		372CB8A822C4789900118679 /* Info.plist */ = {isa = PBXFileReference; lastKnownFileType = text.plist.xml; path = Info.plist; sourceTree = "<group>"; };
		4F965DC2467A32DFC6CBA0E4 /* Pods-LeBonTempsUITests.release.xcconfig */ = {isa = PBXFileReference; includeInIndex = 1; lastKnownFileType = text.xcconfig; name = "Pods-LeBonTempsUITests.release.xcconfig"; path = "Target Support Files/Pods-LeBonTempsUITests/Pods-LeBonTempsUITests.release.xcconfig"; sourceTree = "<group>"; };
		719ADDAB849132E8B003214C /* Pods-LeBonTemps.debug.xcconfig */ = {isa = PBXFileReference; includeInIndex = 1; lastKnownFileType = text.xcconfig; name = "Pods-LeBonTemps.debug.xcconfig"; path = "Target Support Files/Pods-LeBonTemps/Pods-LeBonTemps.debug.xcconfig"; sourceTree = "<group>"; };
		87C7BD8B432B0C57E5E5933E /* Pods_LeBonTemps.framework */ = {isa = PBXFileReference; explicitFileType = wrapper.framework; includeInIndex = 0; path = Pods_LeBonTemps.framework; sourceTree = BUILT_PRODUCTS_DIR; };
		9357EB37E025D080BAE7FC47 /* Pods_LeBonTempsUITests.framework */ = {isa = PBXFileReference; explicitFileType = wrapper.framework; includeInIndex = 0; path = Pods_LeBonTempsUITests.framework; sourceTree = BUILT_PRODUCTS_DIR; };
		991C3ED6AD3A225D78B6CE0B /* Pods-LeBonTempsTests.release.xcconfig */ = {isa = PBXFileReference; includeInIndex = 1; lastKnownFileType = text.xcconfig; name = "Pods-LeBonTempsTests.release.xcconfig"; path = "Target Support Files/Pods-LeBonTempsTests/Pods-LeBonTempsTests.release.xcconfig"; sourceTree = "<group>"; };
		C0C3E23E1BCB78A1BE83E291 /* Pods-LeBonTempsUITests.debug.xcconfig */ = {isa = PBXFileReference; includeInIndex = 1; lastKnownFileType = text.xcconfig; name = "Pods-LeBonTempsUITests.debug.xcconfig"; path = "Target Support Files/Pods-LeBonTempsUITests/Pods-LeBonTempsUITests.debug.xcconfig"; sourceTree = "<group>"; };
		C154E5D72833B356B63F6E2A /* Pods_LeBonTempsTests.framework */ = {isa = PBXFileReference; explicitFileType = wrapper.framework; includeInIndex = 0; path = Pods_LeBonTempsTests.framework; sourceTree = BUILT_PRODUCTS_DIR; };
		D367A13FCC5F774F11B41682 /* Pods-LeBonTempsTests.debug.xcconfig */ = {isa = PBXFileReference; includeInIndex = 1; lastKnownFileType = text.xcconfig; name = "Pods-LeBonTempsTests.debug.xcconfig"; path = "Target Support Files/Pods-LeBonTempsTests/Pods-LeBonTempsTests.debug.xcconfig"; sourceTree = "<group>"; };
		F17FDFBDC63337DD4F2AF98A /* Pods-LeBonTemps.release.xcconfig */ = {isa = PBXFileReference; includeInIndex = 1; lastKnownFileType = text.xcconfig; name = "Pods-LeBonTemps.release.xcconfig"; path = "Target Support Files/Pods-LeBonTemps/Pods-LeBonTemps.release.xcconfig"; sourceTree = "<group>"; };
/* End PBXFileReference section */

/* Begin PBXFrameworksBuildPhase section */
		372CB88022C4789700118679 /* Frameworks */ = {
			isa = PBXFrameworksBuildPhase;
			buildActionMask = 2147483647;
			files = (
				35CEC30826D501498D41A09D /* Pods_LeBonTemps.framework in Frameworks */,
			);
			runOnlyForDeploymentPostprocessing = 0;
		};
		372CB89422C4789900118679 /* Frameworks */ = {
			isa = PBXFrameworksBuildPhase;
			buildActionMask = 2147483647;
			files = (
				39E545B9C9D68AE627EA13F6 /* Pods_LeBonTempsTests.framework in Frameworks */,
			);
			runOnlyForDeploymentPostprocessing = 0;
		};
		372CB89F22C4789900118679 /* Frameworks */ = {
			isa = PBXFrameworksBuildPhase;
			buildActionMask = 2147483647;
			files = (
				C1F30346550AB27AAE8B8ECD /* Pods_LeBonTempsUITests.framework in Frameworks */,
			);
			runOnlyForDeploymentPostprocessing = 0;
		};
/* End PBXFrameworksBuildPhase section */

/* Begin PBXGroup section */
		372CB87A22C4789700118679 = {
			isa = PBXGroup;
			children = (
				372CB88522C4789700118679 /* LeBonTemps */,
				372CB89A22C4789900118679 /* LeBonTempsTests */,
				372CB8A522C4789900118679 /* LeBonTempsUITests */,
				372CB88422C4789700118679 /* Products */,
				752F4F4ABE4814D010815C50 /* Pods */,
				7F63A59A2F2BB3C2BF4DD55C /* Frameworks */,
			);
			sourceTree = "<group>";
		};
		372CB88422C4789700118679 /* Products */ = {
			isa = PBXGroup;
			children = (
				372CB88322C4789700118679 /* LeBonTemps.app */,
				372CB89722C4789900118679 /* LeBonTempsTests.xctest */,
				372CB8A222C4789900118679 /* LeBonTempsUITests.xctest */,
			);
			name = Products;
			sourceTree = "<group>";
		};
		372CB88522C4789700118679 /* LeBonTemps */ = {
			isa = PBXGroup;
			children = (
				372CB88622C4789700118679 /* AppDelegate.swift */,
				372CB88822C4789700118679 /* ViewController.swift */,
				372CB88A22C4789700118679 /* Main.storyboard */,
				372CB88D22C4789900118679 /* Assets.xcassets */,
				372CB88F22C4789900118679 /* LaunchScreen.storyboard */,
				372CB89222C4789900118679 /* Info.plist */,
			);
			path = LeBonTemps;
			sourceTree = "<group>";
		};
		372CB89A22C4789900118679 /* LeBonTempsTests */ = {
			isa = PBXGroup;
			children = (
				372CB89B22C4789900118679 /* LeBonTempsTests.swift */,
				372CB89D22C4789900118679 /* Info.plist */,
			);
			path = LeBonTempsTests;
			sourceTree = "<group>";
		};
		372CB8A522C4789900118679 /* LeBonTempsUITests */ = {
			isa = PBXGroup;
			children = (
				372CB8A622C4789900118679 /* LeBonTempsUITests.swift */,
				372CB8A822C4789900118679 /* Info.plist */,
			);
			path = LeBonTempsUITests;
			sourceTree = "<group>";
		};
		752F4F4ABE4814D010815C50 /* Pods */ = {
			isa = PBXGroup;
			children = (
				719ADDAB849132E8B003214C /* Pods-LeBonTemps.debug.xcconfig */,
				F17FDFBDC63337DD4F2AF98A /* Pods-LeBonTemps.release.xcconfig */,
				D367A13FCC5F774F11B41682 /* Pods-LeBonTempsTests.debug.xcconfig */,
				991C3ED6AD3A225D78B6CE0B /* Pods-LeBonTempsTests.release.xcconfig */,
				C0C3E23E1BCB78A1BE83E291 /* Pods-LeBonTempsUITests.debug.xcconfig */,
				4F965DC2467A32DFC6CBA0E4 /* Pods-LeBonTempsUITests.release.xcconfig */,
			);
			path = Pods;
			sourceTree = "<group>";
		};
		7F63A59A2F2BB3C2BF4DD55C /* Frameworks */ = {
			isa = PBXGroup;
			children = (
				87C7BD8B432B0C57E5E5933E /* Pods_LeBonTemps.framework */,
				C154E5D72833B356B63F6E2A /* Pods_LeBonTempsTests.framework */,
				9357EB37E025D080BAE7FC47 /* Pods_LeBonTempsUITests.framework */,
			);
			name = Frameworks;
			sourceTree = "<group>";
		};
/* End PBXGroup section */

/* Begin PBXNativeTarget section */
		372CB88222C4789700118679 /* LeBonTemps */ = {
			isa = PBXNativeTarget;
			buildConfigurationList = 372CB8AB22C4789900118679 /* Build configuration list for PBXNativeTarget "LeBonTemps" */;
			buildPhases = (
				E78B4704C1C05B49F3022D2C /* [CP] Check Pods Manifest.lock */,
				372CB87F22C4789700118679 /* Sources */,
				372CB88022C4789700118679 /* Frameworks */,
				372CB88122C4789700118679 /* Resources */,
				B85E8E0D30530745D020E3DB /* [CP] Embed Pods Frameworks */,
			);
			buildRules = (
			);
			dependencies = (
			);
			name = LeBonTemps;
			productName = LeBonTemps;
			productReference = 372CB88322C4789700118679 /* LeBonTemps.app */;
			productType = "com.apple.product-type.application";
		};
		372CB89622C4789900118679 /* LeBonTempsTests */ = {
			isa = PBXNativeTarget;
			buildConfigurationList = 372CB8AE22C4789900118679 /* Build configuration list for PBXNativeTarget "LeBonTempsTests" */;
			buildPhases = (
				EE6758CAC81C0B7E651805E9 /* [CP] Check Pods Manifest.lock */,
				372CB89322C4789900118679 /* Sources */,
				372CB89422C4789900118679 /* Frameworks */,
				372CB89522C4789900118679 /* Resources */,
			);
			buildRules = (
			);
			dependencies = (
				372CB89922C4789900118679 /* PBXTargetDependency */,
			);
			name = LeBonTempsTests;
			productName = LeBonTempsTests;
			productReference = 372CB89722C4789900118679 /* LeBonTempsTests.xctest */;
			productType = "com.apple.product-type.bundle.unit-test";
		};
		372CB8A122C4789900118679 /* LeBonTempsUITests */ = {
			isa = PBXNativeTarget;
			buildConfigurationList = 372CB8B122C4789900118679 /* Build configuration list for PBXNativeTarget "LeBonTempsUITests" */;
			buildPhases = (
				DD1C8AE09BD406D1994188C5 /* [CP] Check Pods Manifest.lock */,
				372CB89E22C4789900118679 /* Sources */,
				372CB89F22C4789900118679 /* Frameworks */,
				372CB8A022C4789900118679 /* Resources */,
			);
			buildRules = (
			);
			dependencies = (
				372CB8A422C4789900118679 /* PBXTargetDependency */,
			);
			name = LeBonTempsUITests;
			productName = LeBonTempsUITests;
			productReference = 372CB8A222C4789900118679 /* LeBonTempsUITests.xctest */;
			productType = "com.apple.product-type.bundle.ui-testing";
		};
/* End PBXNativeTarget section */

/* Begin PBXProject section */
		372CB87B22C4789700118679 /* Project object */ = {
			isa = PBXProject;
			attributes = {
				LastSwiftUpdateCheck = 1020;
				LastUpgradeCheck = 1020;
				ORGANIZATIONNAME = "Faustin Veyssiere";
				TargetAttributes = {
					372CB88222C4789700118679 = {
						CreatedOnToolsVersion = 10.2.1;
					};
					372CB89622C4789900118679 = {
						CreatedOnToolsVersion = 10.2.1;
						TestTargetID = 372CB88222C4789700118679;
					};
					372CB8A122C4789900118679 = {
						CreatedOnToolsVersion = 10.2.1;
						TestTargetID = 372CB88222C4789700118679;
					};
				};
			};
			buildConfigurationList = 372CB87E22C4789700118679 /* Build configuration list for PBXProject "LeBonTemps" */;
			compatibilityVersion = "Xcode 9.3";
			developmentRegion = en;
			hasScannedForEncodings = 0;
			knownRegions = (
				en,
				Base,
			);
			mainGroup = 372CB87A22C4789700118679;
			productRefGroup = 372CB88422C4789700118679 /* Products */;
			projectDirPath = "";
			projectRoot = "";
			targets = (
				372CB88222C4789700118679 /* LeBonTemps */,
				372CB89622C4789900118679 /* LeBonTempsTests */,
				372CB8A122C4789900118679 /* LeBonTempsUITests */,
			);
		};
/* End PBXProject section */

/* Begin PBXResourcesBuildPhase section */
		372CB88122C4789700118679 /* Resources */ = {
			isa = PBXResourcesBuildPhase;
			buildActionMask = 2147483647;
			files = (
				372CB89122C4789900118679 /* LaunchScreen.storyboard in Resources */,
				372CB88E22C4789900118679 /* Assets.xcassets in Resources */,
				372CB88C22C4789700118679 /* Main.storyboard in Resources */,
			);
			runOnlyForDeploymentPostprocessing = 0;
		};
		372CB89522C4789900118679 /* Resources */ = {
			isa = PBXResourcesBuildPhase;
			buildActionMask = 2147483647;
			files = (
			);
			runOnlyForDeploymentPostprocessing = 0;
		};
		372CB8A022C4789900118679 /* Resources */ = {
			isa = PBXResourcesBuildPhase;
			buildActionMask = 2147483647;
			files = (
			);
			runOnlyForDeploymentPostprocessing = 0;
		};
/* End PBXResourcesBuildPhase section */

/* Begin PBXShellScriptBuildPhase section */
		B85E8E0D30530745D020E3DB /* [CP] Embed Pods Frameworks */ = {
			isa = PBXShellScriptBuildPhase;
			buildActionMask = 2147483647;
			files = (
			);
			inputFileListPaths = (
				"${PODS_ROOT}/Target Support Files/Pods-LeBonTemps/Pods-LeBonTemps-frameworks-${CONFIGURATION}-input-files.xcfilelist",
			);
			name = "[CP] Embed Pods Frameworks";
			outputFileListPaths = (
				"${PODS_ROOT}/Target Support Files/Pods-LeBonTemps/Pods-LeBonTemps-frameworks-${CONFIGURATION}-output-files.xcfilelist",
			);
			runOnlyForDeploymentPostprocessing = 0;
			shellPath = /bin/sh;
			shellScript = "\"${PODS_ROOT}/Target Support Files/Pods-LeBonTemps/Pods-LeBonTemps-frameworks.sh\"\n";
			showEnvVarsInLog = 0;
		};
		DD1C8AE09BD406D1994188C5 /* [CP] Check Pods Manifest.lock */ = {
			isa = PBXShellScriptBuildPhase;
			buildActionMask = 2147483647;
			files = (
			);
			inputFileListPaths = (
			);
			inputPaths = (
				"${PODS_PODFILE_DIR_PATH}/Podfile.lock",
				"${PODS_ROOT}/Manifest.lock",
			);
			name = "[CP] Check Pods Manifest.lock";
			outputFileListPaths = (
			);
			outputPaths = (
				"$(DERIVED_FILE_DIR)/Pods-LeBonTempsUITests-checkManifestLockResult.txt",
			);
			runOnlyForDeploymentPostprocessing = 0;
			shellPath = /bin/sh;
			shellScript = "diff \"${PODS_PODFILE_DIR_PATH}/Podfile.lock\" \"${PODS_ROOT}/Manifest.lock\" > /dev/null\nif [ $? != 0 ] ; then\n    # print error to STDERR\n    echo \"error: The sandbox is not in sync with the Podfile.lock. Run 'pod install' or update your CocoaPods installation.\" >&2\n    exit 1\nfi\n# This output is used by Xcode 'outputs' to avoid re-running this script phase.\necho \"SUCCESS\" > \"${SCRIPT_OUTPUT_FILE_0}\"\n";
			showEnvVarsInLog = 0;
		};
		E78B4704C1C05B49F3022D2C /* [CP] Check Pods Manifest.lock */ = {
			isa = PBXShellScriptBuildPhase;
			buildActionMask = 2147483647;
			files = (
			);
			inputFileListPaths = (
			);
			inputPaths = (
				"${PODS_PODFILE_DIR_PATH}/Podfile.lock",
				"${PODS_ROOT}/Manifest.lock",
			);
			name = "[CP] Check Pods Manifest.lock";
			outputFileListPaths = (
			);
			outputPaths = (
				"$(DERIVED_FILE_DIR)/Pods-LeBonTemps-checkManifestLockResult.txt",
			);
			runOnlyForDeploymentPostprocessing = 0;
			shellPath = /bin/sh;
			shellScript = "diff \"${PODS_PODFILE_DIR_PATH}/Podfile.lock\" \"${PODS_ROOT}/Manifest.lock\" > /dev/null\nif [ $? != 0 ] ; then\n    # print error to STDERR\n    echo \"error: The sandbox is not in sync with the Podfile.lock. Run 'pod install' or update your CocoaPods installation.\" >&2\n    exit 1\nfi\n# This output is used by Xcode 'outputs' to avoid re-running this script phase.\necho \"SUCCESS\" > \"${SCRIPT_OUTPUT_FILE_0}\"\n";
			showEnvVarsInLog = 0;
		};
		EE6758CAC81C0B7E651805E9 /* [CP] Check Pods Manifest.lock */ = {
			isa = PBXShellScriptBuildPhase;
			buildActionMask = 2147483647;
			files = (
			);
			inputFileListPaths = (
			);
			inputPaths = (
				"${PODS_PODFILE_DIR_PATH}/Podfile.lock",
				"${PODS_ROOT}/Manifest.lock",
			);
			name = "[CP] Check Pods Manifest.lock";
			outputFileListPaths = (
			);
			outputPaths = (
				"$(DERIVED_FILE_DIR)/Pods-LeBonTempsTests-checkManifestLockResult.txt",
			);
			runOnlyForDeploymentPostprocessing = 0;
			shellPath = /bin/sh;
			shellScript = "diff \"${PODS_PODFILE_DIR_PATH}/Podfile.lock\" \"${PODS_ROOT}/Manifest.lock\" > /dev/null\nif [ $? != 0 ] ; then\n    # print error to STDERR\n    echo \"error: The sandbox is not in sync with the Podfile.lock. Run 'pod install' or update your CocoaPods installation.\" >&2\n    exit 1\nfi\n# This output is used by Xcode 'outputs' to avoid re-running this script phase.\necho \"SUCCESS\" > \"${SCRIPT_OUTPUT_FILE_0}\"\n";
			showEnvVarsInLog = 0;
		};
/* End PBXShellScriptBuildPhase section */

/* Begin PBXSourcesBuildPhase section */
		372CB87F22C4789700118679 /* Sources */ = {
			isa = PBXSourcesBuildPhase;
			buildActionMask = 2147483647;
			files = (
				372CB88922C4789700118679 /* ViewController.swift in Sources */,
				372CB88722C4789700118679 /* AppDelegate.swift in Sources */,
			);
			runOnlyForDeploymentPostprocessing = 0;
		};
		372CB89322C4789900118679 /* Sources */ = {
			isa = PBXSourcesBuildPhase;
			buildActionMask = 2147483647;
			files = (
				372CB89C22C4789900118679 /* LeBonTempsTests.swift in Sources */,
			);
			runOnlyForDeploymentPostprocessing = 0;
		};
		372CB89E22C4789900118679 /* Sources */ = {
			isa = PBXSourcesBuildPhase;
			buildActionMask = 2147483647;
			files = (
				372CB8A722C4789900118679 /* LeBonTempsUITests.swift in Sources */,
			);
			runOnlyForDeploymentPostprocessing = 0;
		};
/* End PBXSourcesBuildPhase section */

/* Begin PBXTargetDependency section */
		372CB89922C4789900118679 /* PBXTargetDependency */ = {
			isa = PBXTargetDependency;
			target = 372CB88222C4789700118679 /* LeBonTemps */;
			targetProxy = 372CB89822C4789900118679 /* PBXContainerItemProxy */;
		};
		372CB8A422C4789900118679 /* PBXTargetDependency */ = {
			isa = PBXTargetDependency;
			target = 372CB88222C4789700118679 /* LeBonTemps */;
			targetProxy = 372CB8A322C4789900118679 /* PBXContainerItemProxy */;
		};
/* End PBXTargetDependency section */

/* Begin PBXVariantGroup section */
		372CB88A22C4789700118679 /* Main.storyboard */ = {
			isa = PBXVariantGroup;
			children = (
				372CB88B22C4789700118679 /* Base */,
			);
			name = Main.storyboard;
			sourceTree = "<group>";
		};
		372CB88F22C4789900118679 /* LaunchScreen.storyboard */ = {
			isa = PBXVariantGroup;
			children = (
				372CB89022C4789900118679 /* Base */,
			);
			name = LaunchScreen.storyboard;
			sourceTree = "<group>";
		};
/* End PBXVariantGroup section */

/* Begin XCBuildConfiguration section */
		372CB8A922C4789900118679 /* Debug */ = {
			isa = XCBuildConfiguration;
			buildSettings = {
				ALWAYS_SEARCH_USER_PATHS = NO;
				CLANG_ANALYZER_NONNULL = YES;
				CLANG_ANALYZER_NUMBER_OBJECT_CONVERSION = YES_AGGRESSIVE;
				CLANG_CXX_LANGUAGE_STANDARD = "gnu++14";
				CLANG_CXX_LIBRARY = "libc++";
				CLANG_ENABLE_MODULES = YES;
				CLANG_ENABLE_OBJC_ARC = YES;
				CLANG_ENABLE_OBJC_WEAK = YES;
				CLANG_WARN_BLOCK_CAPTURE_AUTORELEASING = YES;
				CLANG_WARN_BOOL_CONVERSION = YES;
				CLANG_WARN_COMMA = YES;
				CLANG_WARN_CONSTANT_CONVERSION = YES;
				CLANG_WARN_DEPRECATED_OBJC_IMPLEMENTATIONS = YES;
				CLANG_WARN_DIRECT_OBJC_ISA_USAGE = YES_ERROR;
				CLANG_WARN_DOCUMENTATION_COMMENTS = YES;
				CLANG_WARN_EMPTY_BODY = YES;
				CLANG_WARN_ENUM_CONVERSION = YES;
				CLANG_WARN_INFINITE_RECURSION = YES;
				CLANG_WARN_INT_CONVERSION = YES;
				CLANG_WARN_NON_LITERAL_NULL_CONVERSION = YES;
				CLANG_WARN_OBJC_IMPLICIT_RETAIN_SELF = YES;
				CLANG_WARN_OBJC_LITERAL_CONVERSION = YES;
				CLANG_WARN_OBJC_ROOT_CLASS = YES_ERROR;
				CLANG_WARN_RANGE_LOOP_ANALYSIS = YES;
				CLANG_WARN_STRICT_PROTOTYPES = YES;
				CLANG_WARN_SUSPICIOUS_MOVE = YES;
				CLANG_WARN_UNGUARDED_AVAILABILITY = YES_AGGRESSIVE;
				CLANG_WARN_UNREACHABLE_CODE = YES;
				CLANG_WARN__DUPLICATE_METHOD_MATCH = YES;
				CODE_SIGN_IDENTITY = "iPhone Developer";
				COPY_PHASE_STRIP = NO;
				DEBUG_INFORMATION_FORMAT = dwarf;
				ENABLE_STRICT_OBJC_MSGSEND = YES;
				ENABLE_TESTABILITY = YES;
				GCC_C_LANGUAGE_STANDARD = gnu11;
				GCC_DYNAMIC_NO_PIC = NO;
				GCC_NO_COMMON_BLOCKS = YES;
				GCC_OPTIMIZATION_LEVEL = 0;
				GCC_PREPROCESSOR_DEFINITIONS = (
					"DEBUG=1",
					"$(inherited)",
				);
				GCC_WARN_64_TO_32_BIT_CONVERSION = YES;
				GCC_WARN_ABOUT_RETURN_TYPE = YES_ERROR;
				GCC_WARN_UNDECLARED_SELECTOR = YES;
				GCC_WARN_UNINITIALIZED_AUTOS = YES_AGGRESSIVE;
				GCC_WARN_UNUSED_FUNCTION = YES;
				GCC_WARN_UNUSED_VARIABLE = YES;
				IPHONEOS_DEPLOYMENT_TARGET = 11.4;
				MTL_ENABLE_DEBUG_INFO = INCLUDE_SOURCE;
				MTL_FAST_MATH = YES;
				ONLY_ACTIVE_ARCH = YES;
				SDKROOT = iphoneos;
				SWIFT_ACTIVE_COMPILATION_CONDITIONS = DEBUG;
				SWIFT_OPTIMIZATION_LEVEL = "-Onone";
			};
			name = Debug;
		};
		372CB8AA22C4789900118679 /* Release */ = {
			isa = XCBuildConfiguration;
			buildSettings = {
				ALWAYS_SEARCH_USER_PATHS = NO;
				CLANG_ANALYZER_NONNULL = YES;
				CLANG_ANALYZER_NUMBER_OBJECT_CONVERSION = YES_AGGRESSIVE;
				CLANG_CXX_LANGUAGE_STANDARD = "gnu++14";
				CLANG_CXX_LIBRARY = "libc++";
				CLANG_ENABLE_MODULES = YES;
				CLANG_ENABLE_OBJC_ARC = YES;
				CLANG_ENABLE_OBJC_WEAK = YES;
				CLANG_WARN_BLOCK_CAPTURE_AUTORELEASING = YES;
				CLANG_WARN_BOOL_CONVERSION = YES;
				CLANG_WARN_COMMA = YES;
				CLANG_WARN_CONSTANT_CONVERSION = YES;
				CLANG_WARN_DEPRECATED_OBJC_IMPLEMENTATIONS = YES;
				CLANG_WARN_DIRECT_OBJC_ISA_USAGE = YES_ERROR;
				CLANG_WARN_DOCUMENTATION_COMMENTS = YES;
				CLANG_WARN_EMPTY_BODY = YES;
				CLANG_WARN_ENUM_CONVERSION = YES;
				CLANG_WARN_INFINITE_RECURSION = YES;
				CLANG_WARN_INT_CONVERSION = YES;
				CLANG_WARN_NON_LITERAL_NULL_CONVERSION = YES;
				CLANG_WARN_OBJC_IMPLICIT_RETAIN_SELF = YES;
				CLANG_WARN_OBJC_LITERAL_CONVERSION = YES;
				CLANG_WARN_OBJC_ROOT_CLASS = YES_ERROR;
				CLANG_WARN_RANGE_LOOP_ANALYSIS = YES;
				CLANG_WARN_STRICT_PROTOTYPES = YES;
				CLANG_WARN_SUSPICIOUS_MOVE = YES;
				CLANG_WARN_UNGUARDED_AVAILABILITY = YES_AGGRESSIVE;
				CLANG_WARN_UNREACHABLE_CODE = YES;
				CLANG_WARN__DUPLICATE_METHOD_MATCH = YES;
				CODE_SIGN_IDENTITY = "iPhone Developer";
				COPY_PHASE_STRIP = NO;
				DEBUG_INFORMATION_FORMAT = "dwarf-with-dsym";
				ENABLE_NS_ASSERTIONS = NO;
				ENABLE_STRICT_OBJC_MSGSEND = YES;
				GCC_C_LANGUAGE_STANDARD = gnu11;
				GCC_NO_COMMON_BLOCKS = YES;
				GCC_WARN_64_TO_32_BIT_CONVERSION = YES;
				GCC_WARN_ABOUT_RETURN_TYPE = YES_ERROR;
				GCC_WARN_UNDECLARED_SELECTOR = YES;
				GCC_WARN_UNINITIALIZED_AUTOS = YES_AGGRESSIVE;
				GCC_WARN_UNUSED_FUNCTION = YES;
				GCC_WARN_UNUSED_VARIABLE = YES;
				IPHONEOS_DEPLOYMENT_TARGET = 11.4;
				MTL_ENABLE_DEBUG_INFO = NO;
				MTL_FAST_MATH = YES;
				SDKROOT = iphoneos;
				SWIFT_COMPILATION_MODE = wholemodule;
				SWIFT_OPTIMIZATION_LEVEL = "-O";
				VALIDATE_PRODUCT = YES;
			};
			name = Release;
		};
		372CB8AC22C4789900118679 /* Debug */ = {
			isa = XCBuildConfiguration;
			baseConfigurationReference = 719ADDAB849132E8B003214C /* Pods-LeBonTemps.debug.xcconfig */;
			buildSettings = {
				ASSETCATALOG_COMPILER_APPICON_NAME = AppIcon;
				CODE_SIGN_STYLE = Automatic;
				DEVELOPMENT_TEAM = UVC4JM6XD4;
				INFOPLIST_FILE = LeBonTemps/Info.plist;
				LD_RUNPATH_SEARCH_PATHS = (
					"$(inherited)",
					"@executable_path/Frameworks",
				);
				PRODUCT_BUNDLE_IDENTIFIER = com.LeBonTemps.LeBonTemps;
				PRODUCT_NAME = "$(TARGET_NAME)";
				SWIFT_VERSION = 5.0;
				TARGETED_DEVICE_FAMILY = "1,2";
			};
			name = Debug;
		};
		372CB8AD22C4789900118679 /* Release */ = {
			isa = XCBuildConfiguration;
			baseConfigurationReference = F17FDFBDC63337DD4F2AF98A /* Pods-LeBonTemps.release.xcconfig */;
			buildSettings = {
				ASSETCATALOG_COMPILER_APPICON_NAME = AppIcon;
				CODE_SIGN_STYLE = Automatic;
				DEVELOPMENT_TEAM = UVC4JM6XD4;
				INFOPLIST_FILE = LeBonTemps/Info.plist;
				LD_RUNPATH_SEARCH_PATHS = (
					"$(inherited)",
					"@executable_path/Frameworks",
				);
				PRODUCT_BUNDLE_IDENTIFIER = com.LeBonTemps.LeBonTemps;
				PRODUCT_NAME = "$(TARGET_NAME)";
				SWIFT_VERSION = 5.0;
				TARGETED_DEVICE_FAMILY = "1,2";
			};
			name = Release;
		};
		372CB8AF22C4789900118679 /* Debug */ = {
			isa = XCBuildConfiguration;
			baseConfigurationReference = D367A13FCC5F774F11B41682 /* Pods-LeBonTempsTests.debug.xcconfig */;
			buildSettings = {
				ALWAYS_EMBED_SWIFT_STANDARD_LIBRARIES = YES;
				BUNDLE_LOADER = "$(TEST_HOST)";
				CODE_SIGN_STYLE = Automatic;
				DEVELOPMENT_TEAM = UVC4JM6XD4;
				INFOPLIST_FILE = LeBonTempsTests/Info.plist;
				LD_RUNPATH_SEARCH_PATHS = (
					"$(inherited)",
					"@executable_path/Frameworks",
					"@loader_path/Frameworks",
				);
				PRODUCT_BUNDLE_IDENTIFIER = com.LeBonTemps.LeBonTempsTests;
				PRODUCT_NAME = "$(TARGET_NAME)";
				SWIFT_VERSION = 5.0;
				TARGETED_DEVICE_FAMILY = "1,2";
				TEST_HOST = "$(BUILT_PRODUCTS_DIR)/LeBonTemps.app/LeBonTemps";
			};
			name = Debug;
		};
		372CB8B022C4789900118679 /* Release */ = {
			isa = XCBuildConfiguration;
			baseConfigurationReference = 991C3ED6AD3A225D78B6CE0B /* Pods-LeBonTempsTests.release.xcconfig */;
			buildSettings = {
				ALWAYS_EMBED_SWIFT_STANDARD_LIBRARIES = YES;
				BUNDLE_LOADER = "$(TEST_HOST)";
				CODE_SIGN_STYLE = Automatic;
				DEVELOPMENT_TEAM = UVC4JM6XD4;
				INFOPLIST_FILE = LeBonTempsTests/Info.plist;
				LD_RUNPATH_SEARCH_PATHS = (
					"$(inherited)",
					"@executable_path/Frameworks",
					"@loader_path/Frameworks",
				);
				PRODUCT_BUNDLE_IDENTIFIER = com.LeBonTemps.LeBonTempsTests;
				PRODUCT_NAME = "$(TARGET_NAME)";
				SWIFT_VERSION = 5.0;
				TARGETED_DEVICE_FAMILY = "1,2";
				TEST_HOST = "$(BUILT_PRODUCTS_DIR)/LeBonTemps.app/LeBonTemps";
			};
			name = Release;
		};
		372CB8B222C4789900118679 /* Debug */ = {
			isa = XCBuildConfiguration;
			baseConfigurationReference = C0C3E23E1BCB78A1BE83E291 /* Pods-LeBonTempsUITests.debug.xcconfig */;
			buildSettings = {
				ALWAYS_EMBED_SWIFT_STANDARD_LIBRARIES = YES;
				CODE_SIGN_STYLE = Automatic;
				DEVELOPMENT_TEAM = UVC4JM6XD4;
				INFOPLIST_FILE = LeBonTempsUITests/Info.plist;
				LD_RUNPATH_SEARCH_PATHS = (
					"$(inherited)",
					"@executable_path/Frameworks",
					"@loader_path/Frameworks",
				);
				PRODUCT_BUNDLE_IDENTIFIER = com.LeBonTemps.LeBonTempsUITests;
				PRODUCT_NAME = "$(TARGET_NAME)";
				SWIFT_VERSION = 5.0;
				TARGETED_DEVICE_FAMILY = "1,2";
				TEST_TARGET_NAME = LeBonTemps;
			};
			name = Debug;
		};
		372CB8B322C4789900118679 /* Release */ = {
			isa = XCBuildConfiguration;
			baseConfigurationReference = 4F965DC2467A32DFC6CBA0E4 /* Pods-LeBonTempsUITests.release.xcconfig */;
			buildSettings = {
				ALWAYS_EMBED_SWIFT_STANDARD_LIBRARIES = YES;
				CODE_SIGN_STYLE = Automatic;
				DEVELOPMENT_TEAM = UVC4JM6XD4;
				INFOPLIST_FILE = LeBonTempsUITests/Info.plist;
				LD_RUNPATH_SEARCH_PATHS = (
					"$(inherited)",
					"@executable_path/Frameworks",
					"@loader_path/Frameworks",
				);
				PRODUCT_BUNDLE_IDENTIFIER = com.LeBonTemps.LeBonTempsUITests;
				PRODUCT_NAME = "$(TARGET_NAME)";
				SWIFT_VERSION = 5.0;
				TARGETED_DEVICE_FAMILY = "1,2";
				TEST_TARGET_NAME = LeBonTemps;
			};
			name = Release;
		};
/* End XCBuildConfiguration section */

/* Begin XCConfigurationList section */
		372CB87E22C4789700118679 /* Build configuration list for PBXProject "LeBonTemps" */ = {
			isa = XCConfigurationList;
			buildConfigurations = (
				372CB8A922C4789900118679 /* Debug */,
				372CB8AA22C4789900118679 /* Release */,
			);
			defaultConfigurationIsVisible = 0;
			defaultConfigurationName = Release;
		};
		372CB8AB22C4789900118679 /* Build configuration list for PBXNativeTarget "LeBonTemps" */ = {
			isa = XCConfigurationList;
			buildConfigurations = (
				372CB8AC22C4789900118679 /* Debug */,
				372CB8AD22C4789900118679 /* Release */,
			);
			defaultConfigurationIsVisible = 0;
			defaultConfigurationName = Release;
		};
		372CB8AE22C4789900118679 /* Build configuration list for PBXNativeTarget "LeBonTempsTests" */ = {
			isa = XCConfigurationList;
			buildConfigurations = (
				372CB8AF22C4789900118679 /* Debug */,
				372CB8B022C4789900118679 /* Release */,
			);
			defaultConfigurationIsVisible = 0;
			defaultConfigurationName = Release;
		};
		372CB8B122C4789900118679 /* Build configuration list for PBXNativeTarget "LeBonTempsUITests" */ = {
			isa = XCConfigurationList;
			buildConfigurations = (
				372CB8B222C4789900118679 /* Debug */,
				372CB8B322C4789900118679 /* Release */,
			);
			defaultConfigurationIsVisible = 0;
			defaultConfigurationName = Release;
		};
/* End XCConfigurationList section */
	};
	rootObject = 372CB87B22C4789700118679 /* Project object */;
}
